// !$*UTF8*$!
{
	archiveVersion = 1;
	classes = {
	};
	objectVersion = 55;
	objects = {

/* Begin PBXBuildFile section */
		37BD3E9C26F0771400086587 /* Tests_iOS.swift in Sources */ = {isa = PBXBuildFile; fileRef = 37BD3E9B26F0771400086587 /* Tests_iOS.swift */; };
		37BD3E9E26F0771400086587 /* Tests_iOSLaunchTests.swift in Sources */ = {isa = PBXBuildFile; fileRef = 37BD3E9D26F0771400086587 /* Tests_iOSLaunchTests.swift */; };
		37BD3EA826F0771400086587 /* Tests_macOS.swift in Sources */ = {isa = PBXBuildFile; fileRef = 37BD3EA726F0771400086587 /* Tests_macOS.swift */; };
		37BD3EAA26F0771400086587 /* Tests_macOSLaunchTests.swift in Sources */ = {isa = PBXBuildFile; fileRef = 37BD3EA926F0771400086587 /* Tests_macOSLaunchTests.swift */; };
		37BD3EAB26F0771400086587 /* PromptTextFieldApp.swift in Sources */ = {isa = PBXBuildFile; fileRef = 37BD3E8526F0771000086587 /* PromptTextFieldApp.swift */; };
		37BD3EAC26F0771400086587 /* PromptTextFieldApp.swift in Sources */ = {isa = PBXBuildFile; fileRef = 37BD3E8526F0771000086587 /* PromptTextFieldApp.swift */; };
		37BD3EAD26F0771400086587 /* ContentView.swift in Sources */ = {isa = PBXBuildFile; fileRef = 37BD3E8626F0771000086587 /* ContentView.swift */; };
		37BD3EAE26F0771400086587 /* ContentView.swift in Sources */ = {isa = PBXBuildFile; fileRef = 37BD3E8626F0771000086587 /* ContentView.swift */; };
		37BD3EAF26F0771400086587 /* Assets.xcassets in Resources */ = {isa = PBXBuildFile; fileRef = 37BD3E8726F0771400086587 /* Assets.xcassets */; };
		37BD3EB026F0771400086587 /* Assets.xcassets in Resources */ = {isa = PBXBuildFile; fileRef = 37BD3E8726F0771400086587 /* Assets.xcassets */; };
		37BD3EC026F079D500086587 /* PlaceholderCarouselView.swift in Sources */ = {isa = PBXBuildFile; fileRef = 37BD3EBF26F079D500086587 /* PlaceholderCarouselView.swift */; };
		37BD3EC126F079D500086587 /* PlaceholderCarouselView.swift in Sources */ = {isa = PBXBuildFile; fileRef = 37BD3EBF26F079D500086587 /* PlaceholderCarouselView.swift */; };
		37BD3EC326F07B8900086587 /* PlaceholderWordData.swift in Sources */ = {isa = PBXBuildFile; fileRef = 37BD3EC226F07B8900086587 /* PlaceholderWordData.swift */; };
		37BD3EC426F07B8900086587 /* PlaceholderWordData.swift in Sources */ = {isa = PBXBuildFile; fileRef = 37BD3EC226F07B8900086587 /* PlaceholderWordData.swift */; };
		37BD3EC626F0875800086587 /* AnimatedTextField.swift in Sources */ = {isa = PBXBuildFile; fileRef = 37BD3EC526F0875800086587 /* AnimatedTextField.swift */; };
		37BD3EC726F0875800086587 /* AnimatedTextField.swift in Sources */ = {isa = PBXBuildFile; fileRef = 37BD3EC526F0875800086587 /* AnimatedTextField.swift */; };
/* End PBXBuildFile section */

/* Begin PBXContainerItemProxy section */
		37BD3E9826F0771400086587 /* PBXContainerItemProxy */ = {
			isa = PBXContainerItemProxy;
			containerPortal = 37BD3E8026F0771000086587 /* Project object */;
			proxyType = 1;
			remoteGlobalIDString = 37BD3E8B26F0771400086587;
			remoteInfo = "PromptTextField (iOS)";
		};
		37BD3EA426F0771400086587 /* PBXContainerItemProxy */ = {
			isa = PBXContainerItemProxy;
			containerPortal = 37BD3E8026F0771000086587 /* Project object */;
			proxyType = 1;
			remoteGlobalIDString = 37BD3E9126F0771400086587;
			remoteInfo = "PromptTextField (macOS)";
		};
/* End PBXContainerItemProxy section */

/* Begin PBXFileReference section */
		37BD3E8526F0771000086587 /* PromptTextFieldApp.swift */ = {isa = PBXFileReference; lastKnownFileType = sourcecode.swift; path = PromptTextFieldApp.swift; sourceTree = "<group>"; };
		37BD3E8626F0771000086587 /* ContentView.swift */ = {isa = PBXFileReference; lastKnownFileType = sourcecode.swift; path = ContentView.swift; sourceTree = "<group>"; };
		37BD3E8726F0771400086587 /* Assets.xcassets */ = {isa = PBXFileReference; lastKnownFileType = folder.assetcatalog; path = Assets.xcassets; sourceTree = "<group>"; };
		37BD3E8C26F0771400086587 /* PromptTextField.app */ = {isa = PBXFileReference; explicitFileType = wrapper.application; includeInIndex = 0; path = PromptTextField.app; sourceTree = BUILT_PRODUCTS_DIR; };
		37BD3E9226F0771400086587 /* PromptTextField.app */ = {isa = PBXFileReference; explicitFileType = wrapper.application; includeInIndex = 0; path = PromptTextField.app; sourceTree = BUILT_PRODUCTS_DIR; };
		37BD3E9726F0771400086587 /* Tests iOS.xctest */ = {isa = PBXFileReference; explicitFileType = wrapper.cfbundle; includeInIndex = 0; path = "Tests iOS.xctest"; sourceTree = BUILT_PRODUCTS_DIR; };
		37BD3E9B26F0771400086587 /* Tests_iOS.swift */ = {isa = PBXFileReference; lastKnownFileType = sourcecode.swift; path = Tests_iOS.swift; sourceTree = "<group>"; };
		37BD3E9D26F0771400086587 /* Tests_iOSLaunchTests.swift */ = {isa = PBXFileReference; lastKnownFileType = sourcecode.swift; path = Tests_iOSLaunchTests.swift; sourceTree = "<group>"; };
		37BD3EA326F0771400086587 /* Tests macOS.xctest */ = {isa = PBXFileReference; explicitFileType = wrapper.cfbundle; includeInIndex = 0; path = "Tests macOS.xctest"; sourceTree = BUILT_PRODUCTS_DIR; };
		37BD3EA726F0771400086587 /* Tests_macOS.swift */ = {isa = PBXFileReference; lastKnownFileType = sourcecode.swift; path = Tests_macOS.swift; sourceTree = "<group>"; };
		37BD3EA926F0771400086587 /* Tests_macOSLaunchTests.swift */ = {isa = PBXFileReference; lastKnownFileType = sourcecode.swift; path = Tests_macOSLaunchTests.swift; sourceTree = "<group>"; };
		37BD3EBF26F079D500086587 /* PlaceholderCarouselView.swift */ = {isa = PBXFileReference; lastKnownFileType = sourcecode.swift; path = PlaceholderCarouselView.swift; sourceTree = "<group>"; };
		37BD3EC226F07B8900086587 /* PlaceholderWordData.swift */ = {isa = PBXFileReference; lastKnownFileType = sourcecode.swift; path = PlaceholderWordData.swift; sourceTree = "<group>"; };
		37BD3EC526F0875800086587 /* AnimatedTextField.swift */ = {isa = PBXFileReference; lastKnownFileType = sourcecode.swift; path = AnimatedTextField.swift; sourceTree = "<group>"; };
/* End PBXFileReference section */

/* Begin PBXFrameworksBuildPhase section */
		37BD3E8926F0771400086587 /* Frameworks */ = {
			isa = PBXFrameworksBuildPhase;
			buildActionMask = 2147483647;
			files = (
			);
			runOnlyForDeploymentPostprocessing = 0;
		};
		37BD3E8F26F0771400086587 /* Frameworks */ = {
			isa = PBXFrameworksBuildPhase;
			buildActionMask = 2147483647;
			files = (
			);
			runOnlyForDeploymentPostprocessing = 0;
		};
		37BD3E9426F0771400086587 /* Frameworks */ = {
			isa = PBXFrameworksBuildPhase;
			buildActionMask = 2147483647;
			files = (
			);
			runOnlyForDeploymentPostprocessing = 0;
		};
		37BD3EA026F0771400086587 /* Frameworks */ = {
			isa = PBXFrameworksBuildPhase;
			buildActionMask = 2147483647;
			files = (
			);
			runOnlyForDeploymentPostprocessing = 0;
		};
/* End PBXFrameworksBuildPhase section */

/* Begin PBXGroup section */
		37BD3E7F26F0771000086587 = {
			isa = PBXGroup;
			children = (
				37BD3E8426F0771000086587 /* Shared */,
				37BD3E9A26F0771400086587 /* Tests iOS */,
				37BD3EA626F0771400086587 /* Tests macOS */,
				37BD3E8D26F0771400086587 /* Products */,
			);
			sourceTree = "<group>";
		};
		37BD3E8426F0771000086587 /* Shared */ = {
			isa = PBXGroup;
			children = (
				37BD3E8626F0771000086587 /* ContentView.swift */,
				37BD3EC526F0875800086587 /* AnimatedTextField.swift */,
				37BD3EBF26F079D500086587 /* PlaceholderCarouselView.swift */,
				37BD3EC226F07B8900086587 /* PlaceholderWordData.swift */,
				37BD3E8726F0771400086587 /* Assets.xcassets */,
				37BD3E8526F0771000086587 /* PromptTextFieldApp.swift */,
			);
			path = Shared;
			sourceTree = "<group>";
		};
		37BD3E8D26F0771400086587 /* Products */ = {
			isa = PBXGroup;
			children = (
				37BD3E8C26F0771400086587 /* PromptTextField.app */,
				37BD3E9226F0771400086587 /* PromptTextField.app */,
				37BD3E9726F0771400086587 /* Tests iOS.xctest */,
				37BD3EA326F0771400086587 /* Tests macOS.xctest */,
			);
			name = Products;
			sourceTree = "<group>";
		};
		37BD3E9A26F0771400086587 /* Tests iOS */ = {
			isa = PBXGroup;
			children = (
				37BD3E9B26F0771400086587 /* Tests_iOS.swift */,
				37BD3E9D26F0771400086587 /* Tests_iOSLaunchTests.swift */,
			);
			path = "Tests iOS";
			sourceTree = "<group>";
		};
		37BD3EA626F0771400086587 /* Tests macOS */ = {
			isa = PBXGroup;
			children = (
				37BD3EA726F0771400086587 /* Tests_macOS.swift */,
				37BD3EA926F0771400086587 /* Tests_macOSLaunchTests.swift */,
			);
			path = "Tests macOS";
			sourceTree = "<group>";
		};
/* End PBXGroup section */

/* Begin PBXNativeTarget section */
		37BD3E8B26F0771400086587 /* PromptTextField (iOS) */ = {
			isa = PBXNativeTarget;
			buildConfigurationList = 37BD3EB326F0771400086587 /* Build configuration list for PBXNativeTarget "PromptTextField (iOS)" */;
			buildPhases = (
				37BD3E8826F0771400086587 /* Sources */,
				37BD3E8926F0771400086587 /* Frameworks */,
				37BD3E8A26F0771400086587 /* Resources */,
			);
			buildRules = (
			);
			dependencies = (
			);
			name = "PromptTextField (iOS)";
			productName = "PromptTextField (iOS)";
			productReference = 37BD3E8C26F0771400086587 /* PromptTextField.app */;
			productType = "com.apple.product-type.application";
		};
		37BD3E9126F0771400086587 /* PromptTextField (macOS) */ = {
			isa = PBXNativeTarget;
			buildConfigurationList = 37BD3EB626F0771400086587 /* Build configuration list for PBXNativeTarget "PromptTextField (macOS)" */;
			buildPhases = (
				37BD3E8E26F0771400086587 /* Sources */,
				37BD3E8F26F0771400086587 /* Frameworks */,
				37BD3E9026F0771400086587 /* Resources */,
			);
			buildRules = (
			);
			dependencies = (
			);
			name = "PromptTextField (macOS)";
			productName = "PromptTextField (macOS)";
			productReference = 37BD3E9226F0771400086587 /* PromptTextField.app */;
			productType = "com.apple.product-type.application";
		};
		37BD3E9626F0771400086587 /* Tests iOS */ = {
			isa = PBXNativeTarget;
			buildConfigurationList = 37BD3EB926F0771400086587 /* Build configuration list for PBXNativeTarget "Tests iOS" */;
			buildPhases = (
				37BD3E9326F0771400086587 /* Sources */,
				37BD3E9426F0771400086587 /* Frameworks */,
				37BD3E9526F0771400086587 /* Resources */,
			);
			buildRules = (
			);
			dependencies = (
				37BD3E9926F0771400086587 /* PBXTargetDependency */,
			);
			name = "Tests iOS";
			productName = "Tests iOS";
			productReference = 37BD3E9726F0771400086587 /* Tests iOS.xctest */;
			productType = "com.apple.product-type.bundle.ui-testing";
		};
		37BD3EA226F0771400086587 /* Tests macOS */ = {
			isa = PBXNativeTarget;
			buildConfigurationList = 37BD3EBC26F0771400086587 /* Build configuration list for PBXNativeTarget "Tests macOS" */;
			buildPhases = (
				37BD3E9F26F0771400086587 /* Sources */,
				37BD3EA026F0771400086587 /* Frameworks */,
				37BD3EA126F0771400086587 /* Resources */,
			);
			buildRules = (
			);
			dependencies = (
				37BD3EA526F0771400086587 /* PBXTargetDependency */,
			);
			name = "Tests macOS";
			productName = "Tests macOS";
			productReference = 37BD3EA326F0771400086587 /* Tests macOS.xctest */;
			productType = "com.apple.product-type.bundle.ui-testing";
		};
/* End PBXNativeTarget section */

/* Begin PBXProject section */
		37BD3E8026F0771000086587 /* Project object */ = {
			isa = PBXProject;
			attributes = {
				BuildIndependentTargetsInParallel = 1;
				LastSwiftUpdateCheck = 1300;
				LastUpgradeCheck = 1300;
				TargetAttributes = {
					37BD3E8B26F0771400086587 = {
						CreatedOnToolsVersion = 13.0;
					};
					37BD3E9126F0771400086587 = {
						CreatedOnToolsVersion = 13.0;
					};
					37BD3E9626F0771400086587 = {
						CreatedOnToolsVersion = 13.0;
						TestTargetID = 37BD3E8B26F0771400086587;
					};
					37BD3EA226F0771400086587 = {
						CreatedOnToolsVersion = 13.0;
						TestTargetID = 37BD3E9126F0771400086587;
					};
				};
			};
			buildConfigurationList = 37BD3E8326F0771000086587 /* Build configuration list for PBXProject "PromptTextField" */;
			compatibilityVersion = "Xcode 13.0";
			developmentRegion = en;
			hasScannedForEncodings = 0;
			knownRegions = (
				en,
				Base,
			);
			mainGroup = 37BD3E7F26F0771000086587;
			productRefGroup = 37BD3E8D26F0771400086587 /* Products */;
			projectDirPath = "";
			projectRoot = "";
			targets = (
				37BD3E8B26F0771400086587 /* PromptTextField (iOS) */,
				37BD3E9126F0771400086587 /* PromptTextField (macOS) */,
				37BD3E9626F0771400086587 /* Tests iOS */,
				37BD3EA226F0771400086587 /* Tests macOS */,
			);
		};
/* End PBXProject section */

/* Begin PBXResourcesBuildPhase section */
		37BD3E8A26F0771400086587 /* Resources */ = {
			isa = PBXResourcesBuildPhase;
			buildActionMask = 2147483647;
			files = (
				37BD3EAF26F0771400086587 /* Assets.xcassets in Resources */,
			);
			runOnlyForDeploymentPostprocessing = 0;
		};
		37BD3E9026F0771400086587 /* Resources */ = {
			isa = PBXResourcesBuildPhase;
			buildActionMask = 2147483647;
			files = (
				37BD3EB026F0771400086587 /* Assets.xcassets in Resources */,
			);
			runOnlyForDeploymentPostprocessing = 0;
		};
		37BD3E9526F0771400086587 /* Resources */ = {
			isa = PBXResourcesBuildPhase;
			buildActionMask = 2147483647;
			files = (
			);
			runOnlyForDeploymentPostprocessing = 0;
		};
		37BD3EA126F0771400086587 /* Resources */ = {
			isa = PBXResourcesBuildPhase;
			buildActionMask = 2147483647;
			files = (
			);
			runOnlyForDeploymentPostprocessing = 0;
		};
/* End PBXResourcesBuildPhase section */

/* Begin PBXSourcesBuildPhase section */
		37BD3E8826F0771400086587 /* Sources */ = {
			isa = PBXSourcesBuildPhase;
			buildActionMask = 2147483647;
			files = (
				37BD3EC026F079D500086587 /* PlaceholderCarouselView.swift in Sources */,
				37BD3EC326F07B8900086587 /* PlaceholderWordData.swift in Sources */,
				37BD3EAD26F0771400086587 /* ContentView.swift in Sources */,
				37BD3EAB26F0771400086587 /* PromptTextFieldApp.swift in Sources */,
				37BD3EC626F0875800086587 /* AnimatedTextField.swift in Sources */,
			);
			runOnlyForDeploymentPostprocessing = 0;
		};
		37BD3E8E26F0771400086587 /* Sources */ = {
			isa = PBXSourcesBuildPhase;
			buildActionMask = 2147483647;
			files = (
				37BD3EC126F079D500086587 /* PlaceholderCarouselView.swift in Sources */,
				37BD3EC426F07B8900086587 /* PlaceholderWordData.swift in Sources */,
				37BD3EAE26F0771400086587 /* ContentView.swift in Sources */,
				37BD3EAC26F0771400086587 /* PromptTextFieldApp.swift in Sources */,
				37BD3EC726F0875800086587 /* AnimatedTextField.swift in Sources */,
			);
			runOnlyForDeploymentPostprocessing = 0;
		};
		37BD3E9326F0771400086587 /* Sources */ = {
			isa = PBXSourcesBuildPhase;
			buildActionMask = 2147483647;
			files = (
				37BD3E9E26F0771400086587 /* Tests_iOSLaunchTests.swift in Sources */,
				37BD3E9C26F0771400086587 /* Tests_iOS.swift in Sources */,
			);
			runOnlyForDeploymentPostprocessing = 0;
		};
		37BD3E9F26F0771400086587 /* Sources */ = {
			isa = PBXSourcesBuildPhase;
			buildActionMask = 2147483647;
			files = (
				37BD3EAA26F0771400086587 /* Tests_macOSLaunchTests.swift in Sources */,
				37BD3EA826F0771400086587 /* Tests_macOS.swift in Sources */,
			);
			runOnlyForDeploymentPostprocessing = 0;
		};
/* End PBXSourcesBuildPhase section */

/* Begin PBXTargetDependency section */
		37BD3E9926F0771400086587 /* PBXTargetDependency */ = {
			isa = PBXTargetDependency;
			target = 37BD3E8B26F0771400086587 /* PromptTextField (iOS) */;
			targetProxy = 37BD3E9826F0771400086587 /* PBXContainerItemProxy */;
		};
		37BD3EA526F0771400086587 /* PBXTargetDependency */ = {
			isa = PBXTargetDependency;
			target = 37BD3E9126F0771400086587 /* PromptTextField (macOS) */;
			targetProxy = 37BD3EA426F0771400086587 /* PBXContainerItemProxy */;
		};
/* End PBXTargetDependency section */

/* Begin XCBuildConfiguration section */
		37BD3EB126F0771400086587 /* Debug */ = {
			isa = XCBuildConfiguration;
			buildSettings = {
				ALWAYS_SEARCH_USER_PATHS = NO;
				CLANG_ANALYZER_NONNULL = YES;
				CLANG_ANALYZER_NUMBER_OBJECT_CONVERSION = YES_AGGRESSIVE;
				CLANG_CXX_LANGUAGE_STANDARD = "gnu++17";
				CLANG_CXX_LIBRARY = "libc++";
				CLANG_ENABLE_MODULES = YES;
				CLANG_ENABLE_OBJC_ARC = YES;
				CLANG_ENABLE_OBJC_WEAK = YES;
				CLANG_WARN_BLOCK_CAPTURE_AUTORELEASING = YES;
				CLANG_WARN_BOOL_CONVERSION = YES;
				CLANG_WARN_COMMA = YES;
				CLANG_WARN_CONSTANT_CONVERSION = YES;
				CLANG_WARN_DEPRECATED_OBJC_IMPLEMENTATIONS = YES;
				CLANG_WARN_DIRECT_OBJC_ISA_USAGE = YES_ERROR;
				CLANG_WARN_DOCUMENTATION_COMMENTS = YES;
				CLANG_WARN_EMPTY_BODY = YES;
				CLANG_WARN_ENUM_CONVERSION = YES;
				CLANG_WARN_INFINITE_RECURSION = YES;
				CLANG_WARN_INT_CONVERSION = YES;
				CLANG_WARN_NON_LITERAL_NULL_CONVERSION = YES;
				CLANG_WARN_OBJC_IMPLICIT_RETAIN_SELF = YES;
				CLANG_WARN_OBJC_LITERAL_CONVERSION = YES;
				CLANG_WARN_OBJC_ROOT_CLASS = YES_ERROR;
				CLANG_WARN_QUOTED_INCLUDE_IN_FRAMEWORK_HEADER = YES;
				CLANG_WARN_RANGE_LOOP_ANALYSIS = YES;
				CLANG_WARN_STRICT_PROTOTYPES = YES;
				CLANG_WARN_SUSPICIOUS_MOVE = YES;
				CLANG_WARN_UNGUARDED_AVAILABILITY = YES_AGGRESSIVE;
				CLANG_WARN_UNREACHABLE_CODE = YES;
				CLANG_WARN__DUPLICATE_METHOD_MATCH = YES;
				COPY_PHASE_STRIP = NO;
				DEBUG_INFORMATION_FORMAT = dwarf;
				ENABLE_STRICT_OBJC_MSGSEND = YES;
				ENABLE_TESTABILITY = YES;
				GCC_C_LANGUAGE_STANDARD = gnu11;
				GCC_DYNAMIC_NO_PIC = NO;
				GCC_NO_COMMON_BLOCKS = YES;
				GCC_OPTIMIZATION_LEVEL = 0;
				GCC_PREPROCESSOR_DEFINITIONS = (
					"DEBUG=1",
					"$(inherited)",
				);
				GCC_WARN_64_TO_32_BIT_CONVERSION = YES;
				GCC_WARN_ABOUT_RETURN_TYPE = YES_ERROR;
				GCC_WARN_UNDECLARED_SELECTOR = YES;
				GCC_WARN_UNINITIALIZED_AUTOS = YES_AGGRESSIVE;
				GCC_WARN_UNUSED_FUNCTION = YES;
				GCC_WARN_UNUSED_VARIABLE = YES;
				MTL_ENABLE_DEBUG_INFO = INCLUDE_SOURCE;
				MTL_FAST_MATH = YES;
				ONLY_ACTIVE_ARCH = YES;
				SWIFT_ACTIVE_COMPILATION_CONDITIONS = DEBUG;
				SWIFT_OPTIMIZATION_LEVEL = "-Onone";
			};
			name = Debug;
		};
		37BD3EB226F0771400086587 /* Release */ = {
			isa = XCBuildConfiguration;
			buildSettings = {
				ALWAYS_SEARCH_USER_PATHS = NO;
				CLANG_ANALYZER_NONNULL = YES;
				CLANG_ANALYZER_NUMBER_OBJECT_CONVERSION = YES_AGGRESSIVE;
				CLANG_CXX_LANGUAGE_STANDARD = "gnu++17";
				CLANG_CXX_LIBRARY = "libc++";
				CLANG_ENABLE_MODULES = YES;
				CLANG_ENABLE_OBJC_ARC = YES;
				CLANG_ENABLE_OBJC_WEAK = YES;
				CLANG_WARN_BLOCK_CAPTURE_AUTORELEASING = YES;
				CLANG_WARN_BOOL_CONVERSION = YES;
				CLANG_WARN_COMMA = YES;
				CLANG_WARN_CONSTANT_CONVERSION = YES;
				CLANG_WARN_DEPRECATED_OBJC_IMPLEMENTATIONS = YES;
				CLANG_WARN_DIRECT_OBJC_ISA_USAGE = YES_ERROR;
				CLANG_WARN_DOCUMENTATION_COMMENTS = YES;
				CLANG_WARN_EMPTY_BODY = YES;
				CLANG_WARN_ENUM_CONVERSION = YES;
				CLANG_WARN_INFINITE_RECURSION = YES;
				CLANG_WARN_INT_CONVERSION = YES;
				CLANG_WARN_NON_LITERAL_NULL_CONVERSION = YES;
				CLANG_WARN_OBJC_IMPLICIT_RETAIN_SELF = YES;
				CLANG_WARN_OBJC_LITERAL_CONVERSION = YES;
				CLANG_WARN_OBJC_ROOT_CLASS = YES_ERROR;
				CLANG_WARN_QUOTED_INCLUDE_IN_FRAMEWORK_HEADER = YES;
				CLANG_WARN_RANGE_LOOP_ANALYSIS = YES;
				CLANG_WARN_STRICT_PROTOTYPES = YES;
				CLANG_WARN_SUSPICIOUS_MOVE = YES;
				CLANG_WARN_UNGUARDED_AVAILABILITY = YES_AGGRESSIVE;
				CLANG_WARN_UNREACHABLE_CODE = YES;
				CLANG_WARN__DUPLICATE_METHOD_MATCH = YES;
				COPY_PHASE_STRIP = NO;
				DEBUG_INFORMATION_FORMAT = "dwarf-with-dsym";
				ENABLE_NS_ASSERTIONS = NO;
				ENABLE_STRICT_OBJC_MSGSEND = YES;
				GCC_C_LANGUAGE_STANDARD = gnu11;
				GCC_NO_COMMON_BLOCKS = YES;
				GCC_WARN_64_TO_32_BIT_CONVERSION = YES;
				GCC_WARN_ABOUT_RETURN_TYPE = YES_ERROR;
				GCC_WARN_UNDECLARED_SELECTOR = YES;
				GCC_WARN_UNINITIALIZED_AUTOS = YES_AGGRESSIVE;
				GCC_WARN_UNUSED_FUNCTION = YES;
				GCC_WARN_UNUSED_VARIABLE = YES;
				MTL_ENABLE_DEBUG_INFO = NO;
				MTL_FAST_MATH = YES;
				SWIFT_COMPILATION_MODE = wholemodule;
				SWIFT_OPTIMIZATION_LEVEL = "-O";
			};
			name = Release;
		};
		37BD3EB426F0771400086587 /* Debug */ = {
			isa = XCBuildConfiguration;
			buildSettings = {
				ASSETCATALOG_COMPILER_APPICON_NAME = AppIcon;
				ASSETCATALOG_COMPILER_GLOBAL_ACCENT_COLOR_NAME = AccentColor;
				CODE_SIGN_STYLE = Automatic;
				CURRENT_PROJECT_VERSION = 1;
				DEVELOPMENT_TEAM = D6VB3396MT;
				ENABLE_PREVIEWS = YES;
				GENERATE_INFOPLIST_FILE = YES;
				INFOPLIST_KEY_UIApplicationSceneManifest_Generation = YES;
				INFOPLIST_KEY_UIApplicationSupportsIndirectInputEvents = YES;
				INFOPLIST_KEY_UILaunchScreen_Generation = YES;
				INFOPLIST_KEY_UISupportedInterfaceOrientations_iPad = "UIInterfaceOrientationPortrait UIInterfaceOrientationPortraitUpsideDown UIInterfaceOrientationLandscapeLeft UIInterfaceOrientationLandscapeRight";
				INFOPLIST_KEY_UISupportedInterfaceOrientations_iPhone = "UIInterfaceOrientationPortrait UIInterfaceOrientationLandscapeLeft UIInterfaceOrientationLandscapeRight";
				IPHONEOS_DEPLOYMENT_TARGET = 15.0;
				LD_RUNPATH_SEARCH_PATHS = (
					"$(inherited)",
					"@executable_path/Frameworks",
				);
				MARKETING_VERSION = 1.0;
				PRODUCT_BUNDLE_IDENTIFIER = com.marlonraskin.PromptTextField;
				PRODUCT_NAME = PromptTextField;
				SDKROOT = iphoneos;
				SWIFT_EMIT_LOC_STRINGS = YES;
				SWIFT_VERSION = 5.0;
				TARGETED_DEVICE_FAMILY = "1,2";
			};
			name = Debug;
		};
		37BD3EB526F0771400086587 /* Release */ = {
			isa = XCBuildConfiguration;
			buildSettings = {
				ASSETCATALOG_COMPILER_APPICON_NAME = AppIcon;
				ASSETCATALOG_COMPILER_GLOBAL_ACCENT_COLOR_NAME = AccentColor;
				CODE_SIGN_STYLE = Automatic;
				CURRENT_PROJECT_VERSION = 1;
				DEVELOPMENT_TEAM = D6VB3396MT;
				ENABLE_PREVIEWS = YES;
				GENERATE_INFOPLIST_FILE = YES;
				INFOPLIST_KEY_UIApplicationSceneManifest_Generation = YES;
				INFOPLIST_KEY_UIApplicationSupportsIndirectInputEvents = YES;
				INFOPLIST_KEY_UILaunchScreen_Generation = YES;
				INFOPLIST_KEY_UISupportedInterfaceOrientations_iPad = "UIInterfaceOrientationPortrait UIInterfaceOrientationPortraitUpsideDown UIInterfaceOrientationLandscapeLeft UIInterfaceOrientationLandscapeRight";
				INFOPLIST_KEY_UISupportedInterfaceOrientations_iPhone = "UIInterfaceOrientationPortrait UIInterfaceOrientationLandscapeLeft UIInterfaceOrientationLandscapeRight";
				IPHONEOS_DEPLOYMENT_TARGET = 15.0;
				LD_RUNPATH_SEARCH_PATHS = (
					"$(inherited)",
					"@executable_path/Frameworks",
				);
				MARKETING_VERSION = 1.0;
				PRODUCT_BUNDLE_IDENTIFIER = com.marlonraskin.PromptTextField;
				PRODUCT_NAME = PromptTextField;
				SDKROOT = iphoneos;
				SWIFT_EMIT_LOC_STRINGS = YES;
				SWIFT_VERSION = 5.0;
				TARGETED_DEVICE_FAMILY = "1,2";
				VALIDATE_PRODUCT = YES;
			};
			name = Release;
		};
		37BD3EB726F0771400086587 /* Debug */ = {
			isa = XCBuildConfiguration;
			buildSettings = {
				ASSETCATALOG_COMPILER_APPICON_NAME = AppIcon;
				ASSETCATALOG_COMPILER_GLOBAL_ACCENT_COLOR_NAME = AccentColor;
				CODE_SIGN_STYLE = Automatic;
				COMBINE_HIDPI_IMAGES = YES;
				CURRENT_PROJECT_VERSION = 1;
				DEVELOPMENT_TEAM = D6VB3396MT;
				ENABLE_APP_SANDBOX = YES;
				ENABLE_HARDENED_RUNTIME = YES;
				ENABLE_PREVIEWS = YES;
				ENABLE_USER_SELECTED_FILES = readonly;
				GENERATE_INFOPLIST_FILE = YES;
				INFOPLIST_KEY_NSHumanReadableCopyright = "";
				LD_RUNPATH_SEARCH_PATHS = (
					"$(inherited)",
					"@executable_path/../Frameworks",
				);
				MACOSX_DEPLOYMENT_TARGET = 11.0;
				MARKETING_VERSION = 1.0;
				PRODUCT_BUNDLE_IDENTIFIER = com.marlonraskin.PromptTextField;
				PRODUCT_NAME = PromptTextField;
				SDKROOT = macosx;
				SWIFT_EMIT_LOC_STRINGS = YES;
				SWIFT_VERSION = 5.0;
			};
			name = Debug;
		};
		37BD3EB826F0771400086587 /* Release */ = {
			isa = XCBuildConfiguration;
			buildSettings = {
				ASSETCATALOG_COMPILER_APPICON_NAME = AppIcon;
				ASSETCATALOG_COMPILER_GLOBAL_ACCENT_COLOR_NAME = AccentColor;
				CODE_SIGN_STYLE = Automatic;
				COMBINE_HIDPI_IMAGES = YES;
				CURRENT_PROJECT_VERSION = 1;
				DEVELOPMENT_TEAM = D6VB3396MT;
				ENABLE_APP_SANDBOX = YES;
				ENABLE_HARDENED_RUNTIME = YES;
				ENABLE_PREVIEWS = YES;
				ENABLE_USER_SELECTED_FILES = readonly;
				GENERATE_INFOPLIST_FILE = YES;
				INFOPLIST_KEY_NSHumanReadableCopyright = "";
				LD_RUNPATH_SEARCH_PATHS = (
					"$(inherited)",
					"@executable_path/../Frameworks",
				);
				MACOSX_DEPLOYMENT_TARGET = 11.0;
				MARKETING_VERSION = 1.0;
				PRODUCT_BUNDLE_IDENTIFIER = com.marlonraskin.PromptTextField;
				PRODUCT_NAME = PromptTextField;
				SDKROOT = macosx;
				SWIFT_EMIT_LOC_STRINGS = YES;
				SWIFT_VERSION = 5.0;
			};
			name = Release;
		};
		37BD3EBA26F0771400086587 /* Debug */ = {
			isa = XCBuildConfiguration;
			buildSettings = {
				ALWAYS_EMBED_SWIFT_STANDARD_LIBRARIES = YES;
				CODE_SIGN_STYLE = Automatic;
				CURRENT_PROJECT_VERSION = 1;
				DEVELOPMENT_TEAM = D6VB3396MT;
				GENERATE_INFOPLIST_FILE = YES;
				IPHONEOS_DEPLOYMENT_TARGET = 15.0;
				LD_RUNPATH_SEARCH_PATHS = (
					"$(inherited)",
					"@executable_path/Frameworks",
					"@loader_path/Frameworks",
				);
				MARKETING_VERSION = 1.0;
				PRODUCT_BUNDLE_IDENTIFIER = "com.marlonraskin.Tests-iOS";
				PRODUCT_NAME = "$(TARGET_NAME)";
				SDKROOT = iphoneos;
				SWIFT_EMIT_LOC_STRINGS = NO;
				SWIFT_VERSION = 5.0;
				TARGETED_DEVICE_FAMILY = "1,2";
				TEST_TARGET_NAME = "PromptTextField (iOS)";
			};
			name = Debug;
		};
		37BD3EBB26F0771400086587 /* Release */ = {
			isa = XCBuildConfiguration;
			buildSettings = {
				ALWAYS_EMBED_SWIFT_STANDARD_LIBRARIES = YES;
				CODE_SIGN_STYLE = Automatic;
				CURRENT_PROJECT_VERSION = 1;
				DEVELOPMENT_TEAM = D6VB3396MT;
				GENERATE_INFOPLIST_FILE = YES;
				IPHONEOS_DEPLOYMENT_TARGET = 15.0;
				LD_RUNPATH_SEARCH_PATHS = (
					"$(inherited)",
					"@executable_path/Frameworks",
					"@loader_path/Frameworks",
				);
				MARKETING_VERSION = 1.0;
				PRODUCT_BUNDLE_IDENTIFIER = "com.marlonraskin.Tests-iOS";
				PRODUCT_NAME = "$(TARGET_NAME)";
				SDKROOT = iphoneos;
				SWIFT_EMIT_LOC_STRINGS = NO;
				SWIFT_VERSION = 5.0;
				TARGETED_DEVICE_FAMILY = "1,2";
				TEST_TARGET_NAME = "PromptTextField (iOS)";
				VALIDATE_PRODUCT = YES;
			};
			name = Release;
		};
		37BD3EBD26F0771400086587 /* Debug */ = {
			isa = XCBuildConfiguration;
			buildSettings = {
				ALWAYS_EMBED_SWIFT_STANDARD_LIBRARIES = YES;
				CODE_SIGN_STYLE = Automatic;
				COMBINE_HIDPI_IMAGES = YES;
				CURRENT_PROJECT_VERSION = 1;
				DEVELOPMENT_TEAM = D6VB3396MT;
				GENERATE_INFOPLIST_FILE = YES;
				LD_RUNPATH_SEARCH_PATHS = (
					"$(inherited)",
					"@executable_path/../Frameworks",
					"@loader_path/../Frameworks",
				);
				MACOSX_DEPLOYMENT_TARGET = 11.5;
				MARKETING_VERSION = 1.0;
				PRODUCT_BUNDLE_IDENTIFIER = "com.marlonraskin.Tests-macOS";
				PRODUCT_NAME = "$(TARGET_NAME)";
				SDKROOT = macosx;
				SWIFT_EMIT_LOC_STRINGS = NO;
				SWIFT_VERSION = 5.0;
				TEST_TARGET_NAME = "PromptTextField (macOS)";
			};
			name = Debug;
		};
		37BD3EBE26F0771400086587 /* Release */ = {
			isa = XCBuildConfiguration;
			buildSettings = {
				ALWAYS_EMBED_SWIFT_STANDARD_LIBRARIES = YES;
				CODE_SIGN_STYLE = Automatic;
				COMBINE_HIDPI_IMAGES = YES;
				CURRENT_PROJECT_VERSION = 1;
				DEVELOPMENT_TEAM = D6VB3396MT;
				GENERATE_INFOPLIST_FILE = YES;
				LD_RUNPATH_SEARCH_PATHS = (
					"$(inherited)",
					"@executable_path/../Frameworks",
					"@loader_path/../Frameworks",
				);
				MACOSX_DEPLOYMENT_TARGET = 11.5;
				MARKETING_VERSION = 1.0;
				PRODUCT_BUNDLE_IDENTIFIER = "com.marlonraskin.Tests-macOS";
				PRODUCT_NAME = "$(TARGET_NAME)";
				SDKROOT = macosx;
				SWIFT_EMIT_LOC_STRINGS = NO;
				SWIFT_VERSION = 5.0;
				TEST_TARGET_NAME = "PromptTextField (macOS)";
			};
			name = Release;
		};
/* End XCBuildConfiguration section */

/* Begin XCConfigurationList section */
		37BD3E8326F0771000086587 /* Build configuration list for PBXProject "PromptTextField" */ = {
			isa = XCConfigurationList;
			buildConfigurations = (
				37BD3EB126F0771400086587 /* Debug */,
				37BD3EB226F0771400086587 /* Release */,
			);
			defaultConfigurationIsVisible = 0;
			defaultConfigurationName = Release;
		};
		37BD3EB326F0771400086587 /* Build configuration list for PBXNativeTarget "PromptTextField (iOS)" */ = {
			isa = XCConfigurationList;
			buildConfigurations = (
				37BD3EB426F0771400086587 /* Debug */,
				37BD3EB526F0771400086587 /* Release */,
			);
			defaultConfigurationIsVisible = 0;
			defaultConfigurationName = Release;
		};
		37BD3EB626F0771400086587 /* Build configuration list for PBXNativeTarget "PromptTextField (macOS)" */ = {
			isa = XCConfigurationList;
			buildConfigurations = (
				37BD3EB726F0771400086587 /* Debug */,
				37BD3EB826F0771400086587 /* Release */,
			);
			defaultConfigurationIsVisible = 0;
			defaultConfigurationName = Release;
		};
		37BD3EB926F0771400086587 /* Build configuration list for PBXNativeTarget "Tests iOS" */ = {
			isa = XCConfigurationList;
			buildConfigurations = (
				37BD3EBA26F0771400086587 /* Debug */,
				37BD3EBB26F0771400086587 /* Release */,
			);
			defaultConfigurationIsVisible = 0;
			defaultConfigurationName = Release;
		};
		37BD3EBC26F0771400086587 /* Build configuration list for PBXNativeTarget "Tests macOS" */ = {
			isa = XCConfigurationList;
			buildConfigurations = (
				37BD3EBD26F0771400086587 /* Debug */,
				37BD3EBE26F0771400086587 /* Release */,
			);
			defaultConfigurationIsVisible = 0;
			defaultConfigurationName = Release;
		};
/* End XCConfigurationList section */
	};
	rootObject = 37BD3E8026F0771000086587 /* Project object */;
}
